<Solution>
  <Project Path="Commonwealth.Client/Commonwealth.Client.csproj" />
  <Project Path="Commonwealth.Server/Commonwealth.Server.csproj" />
  <Project Path="Commonwealth.Shared/Commonwealth.Shared.csproj" />
  <Project Path="IdentityProvider.Shared/IdentityProvider.Shared.csproj" />
  <Project Path="IdentityProvider/IdentityProvider.csproj" />
</Solution>
